
Microsoft Visual Studio Solution File, Format Version 12.00
# Visual Studio Version 18
VisualStudioVersion = 18.3.11408.92
MinimumVisualStudioVersion = 10.0.40219.1
Project("{2150E333-8FDC-42A3-9474-1A3956D46DE8}") = "UI", "UI", "{6C83A596-D32D-B35F-00DD-F0C99B673980}"
EndProject
Project("{2150E333-8FDC-42A3-9474-1A3956D46DE8}") = "Core", "Core", "{8FFCE177-47C1-4175-A1ED-266EA3735198}"
EndProject
Project("{2150E333-8FDC-42A3-9474-1A3956D46DE8}") = "Infrastructure", "Infrastructure", "{24AEC3BE-9FCB-430C-AF1F-7183D20638C5}"
EndProject
Project("{2150E333-8FDC-42A3-9474-1A3956D46DE8}") = "Tests", "Tests", "{373125C3-836B-4A0F-A3BF-A3F007CDB4BD}"
EndProject
Project("{2150E333-8FDC-42A3-9474-1A3956D46DE8}") = "src", "src", "{929E4995-0CC8-43C3-80F3-573F2FEBE951}"
EndProject
Project("{2150E333-8FDC-42A3-9474-1A3956D46DE8}") = "McpServer", "McpServer", "{BC020B1F-624B-49A3-8A39-F5CF63AD8A77}"
EndProject
Project("{2150E333-8FDC-42A3-9474-1A3956D46DE8}") = "Contracts", "Contracts", "{AB4B1A96-EAF5-431F-873D-5317A9771991}"
EndProject
Project("{FAE04EC0-301F-11D3-BF4B-00C04F79EFBC}") = "EcoMob.Contracts", "src\Contracts\EcoMob.Contracts\EcoMob.Contracts.csproj", "{7BD6271F-E701-462B-BD2F-932284405543}"
EndProject
Project("{FAE04EC0-301F-11D3-BF4B-00C04F79EFBC}") = "EcoMob.Core", "src\Core\EcoMob.Core\EcoMob.Core.csproj", "{5E1D6D53-71FD-4761-AD45-00378537D5BA}"
EndProject
Project("{FAE04EC0-301F-11D3-BF4B-00C04F79EFBC}") = "EcoMob.Infra", "src\Infrastructure\EcoMob.Infra\EcoMob.Infra.csproj", "{1EC7E4D9-FBA4-48A8-948C-27BCF970BBC4}"
EndProject
Project("{FAE04EC0-301F-11D3-BF4B-00C04F79EFBC}") = "EcoMob.Tests", "src\Tests\EcoMob.Tests\EcoMob.Tests.csproj", "{347EE957-AF01-4C04-848E-77807664CA26}"
EndProject
Project("{FAE04EC0-301F-11D3-BF4B-00C04F79EFBC}") = "EcoMob.Cli", "src\UI\EcoMob.Cli\EcoMob.Cli.csproj", "{07661DDC-183B-4F6F-84B9-AA33AB204C12}"
EndProject
Project("{2150E333-8FDC-42A3-9474-1A3956D46DE8}") = "src", "src", "{8503FDAE-18E5-4BC8-8EAD-64324F73C452}"
EndProject
Project("{FAE04EC0-301F-11D3-BF4B-00C04F79EFBC}") = "EcoMob.McpServer.Entry", "src\McpServer\src\EcoMob.McpServer.Entry\EcoMob.McpServer.Entry.csproj", "{FFB97A66-D11F-41E1-9738-0B47FECFFB89}"
EndProject
Project("{FAE04EC0-301F-11D3-BF4B-00C04F79EFBC}") = "EcoMob.McpServer.Core", "src\McpServer\src\EcoMob.McpServer.Core\EcoMob.McpServer.Core.csproj", "{534859A0-CBD7-4276-99ED-510402BDB965}"
EndProject
Project("{FAE04EC0-301F-11D3-BF4B-00C04F79EFBC}") = "EcoMob.McpServer.Infra", "src\McpServer\src\EcoMob.McpServer.Infra\EcoMob.McpServer.Infra.csproj", "{6BE5CA41-A715-4BBD-BED2-4A519B4648F4}"
EndProject
Project("{FAE04EC0-301F-11D3-BF4B-00C04F79EFBC}") = "EcoMob.McpServer.Contracts", "src\McpServer\src\EcoMob.McpServer.Contracts\EcoMob.McpServer.Contracts.csproj", "{D0D2C559-38F2-4147-A511-10F057FC03A7}"
EndProject
Project("{FAE04EC0-301F-11D3-BF4B-00C04F79EFBC}") = "EcoMob.McpSseServer.WebApp", "src\McpServer\src\EcoMob.McpSseServer.WebApp\EcoMob.McpSseServer.WebApp.csproj", "{BB93742E-B7B7-440E-B360-D92FB466A20C}"
EndProject
Global
	GlobalSection(SolutionConfigurationPlatforms) = preSolution
		Debug|Any CPU = Debug|Any CPU
		Release|Any CPU = Release|Any CPU
	EndGlobalSection
	GlobalSection(ProjectConfigurationPlatforms) = postSolution
		{7BD6271F-E701-462B-BD2F-932284405543}.Debug|Any CPU.ActiveCfg = Debug|Any CPU
		{7BD6271F-E701-462B-BD2F-932284405543}.Debug|Any CPU.Build.0 = Debug|Any CPU
		{7BD6271F-E701-462B-BD2F-932284405543}.Release|Any CPU.ActiveCfg = Release|Any CPU
		{7BD6271F-E701-462B-BD2F-932284405543}.Release|Any CPU.Build.0 = Release|Any CPU
		{5E1D6D53-71FD-4761-AD45-00378537D5BA}.Debug|Any CPU.ActiveCfg = Debug|Any CPU
		{5E1D6D53-71FD-4761-AD45-00378537D5BA}.Debug|Any CPU.Build.0 = Debug|Any CPU
		{5E1D6D53-71FD-4761-AD45-00378537D5BA}.Release|Any CPU.ActiveCfg = Release|Any CPU
		{5E1D6D53-71FD-4761-AD45-00378537D5BA}.Release|Any CPU.Build.0 = Release|Any CPU
		{1EC7E4D9-FBA4-48A8-948C-27BCF970BBC4}.Debug|Any CPU.ActiveCfg = Debug|Any CPU
		{1EC7E4D9-FBA4-48A8-948C-27BCF970BBC4}.Debug|Any CPU.Build.0 = Debug|Any CPU
		{1EC7E4D9-FBA4-48A8-948C-27BCF970BBC4}.Release|Any CPU.ActiveCfg = Release|Any CPU
		{1EC7E4D9-FBA4-48A8-948C-27BCF970BBC4}.Release|Any CPU.Build.0 = Release|Any CPU
		{347EE957-AF01-4C04-848E-77807664CA26}.Debug|Any CPU.ActiveCfg = Debug|Any CPU
		{347EE957-AF01-4C04-848E-77807664CA26}.Debug|Any CPU.Build.0 = Debug|Any CPU
		{347EE957-AF01-4C04-848E-77807664CA26}.Release|Any CPU.ActiveCfg = Release|Any CPU
		{347EE957-AF01-4C04-848E-77807664CA26}.Release|Any CPU.Build.0 = Release|Any CPU
		{07661DDC-183B-4F6F-84B9-AA33AB204C12}.Debug|Any CPU.ActiveCfg = Debug|Any CPU
		{07661DDC-183B-4F6F-84B9-AA33AB204C12}.Debug|Any CPU.Build.0 = Debug|Any CPU
		{07661DDC-183B-4F6F-84B9-AA33AB204C12}.Release|Any CPU.ActiveCfg = Release|Any CPU
		{07661DDC-183B-4F6F-84B9-AA33AB204C12}.Release|Any CPU.Build.0 = Release|Any CPU
		{FFB97A66-D11F-41E1-9738-0B47FECFFB89}.Debug|Any CPU.ActiveCfg = Debug|Any CPU
		{FFB97A66-D11F-41E1-9738-0B47FECFFB89}.Debug|Any CPU.Build.0 = Debug|Any CPU
		{FFB97A66-D11F-41E1-9738-0B47FECFFB89}.Release|Any CPU.ActiveCfg = Release|Any CPU
		{FFB97A66-D11F-41E1-9738-0B47FECFFB89}.Release|Any CPU.Build.0 = Release|Any CPU
		{534859A0-CBD7-4276-99ED-510402BDB965}.Debug|Any CPU.ActiveCfg = Debug|Any CPU
		{534859A0-CBD7-4276-99ED-510402BDB965}.Debug|Any CPU.Build.0 = Debug|Any CPU
		{534859A0-CBD7-4276-99ED-510402BDB965}.Release|Any CPU.ActiveCfg = Release|Any CPU
		{534859A0-CBD7-4276-99ED-510402BDB965}.Release|Any CPU.Build.0 = Release|Any CPU
		{6BE5CA41-A715-4BBD-BED2-4A519B4648F4}.Debug|Any CPU.ActiveCfg = Debug|Any CPU
		{6BE5CA41-A715-4BBD-BED2-4A519B4648F4}.Debug|Any CPU.Build.0 = Debug|Any CPU
		{6BE5CA41-A715-4BBD-BED2-4A519B4648F4}.Release|Any CPU.ActiveCfg = Release|Any CPU
		{6BE5CA41-A715-4BBD-BED2-4A519B4648F4}.Release|Any CPU.Build.0 = Release|Any CPU
		{D0D2C559-38F2-4147-A511-10F057FC03A7}.Debug|Any CPU.ActiveCfg = Debug|Any CPU
		{D0D2C559-38F2-4147-A511-10F057FC03A7}.Debug|Any CPU.Build.0 = Debug|Any CPU
		{D0D2C559-38F2-4147-A511-10F057FC03A7}.Release|Any CPU.ActiveCfg = Release|Any CPU
		{D0D2C559-38F2-4147-A511-10F057FC03A7}.Release|Any CPU.Build.0 = Release|Any CPU
		{BB93742E-B7B7-440E-B360-D92FB466A20C}.Debug|Any CPU.ActiveCfg = Debug|Any CPU
		{BB93742E-B7B7-440E-B360-D92FB466A20C}.Debug|Any CPU.Build.0 = Debug|Any CPU
		{BB93742E-B7B7-440E-B360-D92FB466A20C}.Release|Any CPU.ActiveCfg = Release|Any CPU
		{BB93742E-B7B7-440E-B360-D92FB466A20C}.Release|Any CPU.Build.0 = Release|Any CPU
	EndGlobalSection
	GlobalSection(SolutionProperties) = preSolution
		HideSolutionNode = FALSE
	EndGlobalSection
	GlobalSection(NestedProjects) = preSolution
		{6C83A596-D32D-B35F-00DD-F0C99B673980} = {929E4995-0CC8-43C3-80F3-573F2FEBE951}
		{8FFCE177-47C1-4175-A1ED-266EA3735198} = {929E4995-0CC8-43C3-80F3-573F2FEBE951}
		{24AEC3BE-9FCB-430C-AF1F-7183D20638C5} = {929E4995-0CC8-43C3-80F3-573F2FEBE951}
		{373125C3-836B-4A0F-A3BF-A3F007CDB4BD} = {929E4995-0CC8-43C3-80F3-573F2FEBE951}
		{BC020B1F-624B-49A3-8A39-F5CF63AD8A77} = {929E4995-0CC8-43C3-80F3-573F2FEBE951}
		{AB4B1A96-EAF5-431F-873D-5317A9771991} = {929E4995-0CC8-43C3-80F3-573F2FEBE951}
		{7BD6271F-E701-462B-BD2F-932284405543} = {AB4B1A96-EAF5-431F-873D-5317A9771991}
		{5E1D6D53-71FD-4761-AD45-00378537D5BA} = {8FFCE177-47C1-4175-A1ED-266EA3735198}
		{1EC7E4D9-FBA4-48A8-948C-27BCF970BBC4} = {24AEC3BE-9FCB-430C-AF1F-7183D20638C5}
		{347EE957-AF01-4C04-848E-77807664CA26} = {373125C3-836B-4A0F-A3BF-A3F007CDB4BD}
		{07661DDC-183B-4F6F-84B9-AA33AB204C12} = {6C83A596-D32D-B35F-00DD-F0C99B673980}
		{8503FDAE-18E5-4BC8-8EAD-64324F73C452} = {BC020B1F-624B-49A3-8A39-F5CF63AD8A77}
		{FFB97A66-D11F-41E1-9738-0B47FECFFB89} = {8503FDAE-18E5-4BC8-8EAD-64324F73C452}
		{534859A0-CBD7-4276-99ED-510402BDB965} = {8503FDAE-18E5-4BC8-8EAD-64324F73C452}
		{6BE5CA41-A715-4BBD-BED2-4A519B4648F4} = {8503FDAE-18E5-4BC8-8EAD-64324F73C452}
		{D0D2C559-38F2-4147-A511-10F057FC03A7} = {8503FDAE-18E5-4BC8-8EAD-64324F73C452}
		{BB93742E-B7B7-440E-B360-D92FB466A20C} = {8503FDAE-18E5-4BC8-8EAD-64324F73C452}
	EndGlobalSection
	GlobalSection(ExtensibilityGlobals) = postSolution
		SolutionGuid = {E5B9ED96-3E85-4F49-9CC6-DB201F0FD352}
	EndGlobalSection
EndGlobal
